
Microsoft Visual Studio Solution File, Format Version 12.00
# Visual Studio Version 17
VisualStudioVersion = 17.0.32014.148
MinimumVisualStudioVersion = 10.0.40219.1
Project("{2150E333-8FDC-42A3-9474-1A3956D46DE8}") = "src", "src", "{FAC63B91-C4D3-46FD-9678-1FD3154C0E9D}"
EndProject
Project("{2150E333-8FDC-42A3-9474-1A3956D46DE8}") = "Core", "Core", "{86234060-4E1A-4465-839B-98410F3282EC}"
EndProject
Project("{2150E333-8FDC-42A3-9474-1A3956D46DE8}") = "Infrastructure", "Infrastructure", "{F284885C-BEF3-45F2-82C7-FFD33D87C8AB}"
EndProject
Project("{9A19103F-16F7-4668-BE54-9A1E7A4F7556}") = "MySQL.Application", "src\Core\MySQL.Application\MySQL.Application.csproj", "{A74617FC-CBBF-4DF3-888D-A11F0A44F04D}"
EndProject
Project("{9A19103F-16F7-4668-BE54-9A1E7A4F7556}") = "MySQL.Domain", "src\Core\MySQL.Domain\MySQL.Domain.csproj", "{6EA95C56-5C75-4FF2-8A16-8A66FC40FF33}"
EndProject
Project("{9A19103F-16F7-4668-BE54-9A1E7A4F7556}") = "MySQL.Identity", "src\Infrastructure\MySQL.Identity\MySQL.Identity.csproj", "{C2C19807-3272-4B5F-B5AC-80BA94E0345C}"
EndProject
Project("{9A19103F-16F7-4668-BE54-9A1E7A4F7556}") = "MySQL.Infrastructure", "src\Infrastructure\MySQL.Infrastructure\MySQL.Infrastructure.csproj", "{C9D76938-3005-4AAF-8117-6A20547E1EAF}"
EndProject
Project("{9A19103F-16F7-4668-BE54-9A1E7A4F7556}") = "MySQL.Persistence", "src\Infrastructure\MySQL.Persistence\MySQL.Persistence.csproj", "{F32FA6AD-099C-4117-8EF3-75D3A7750650}"
EndProject

Project("{2150E333-8FDC-42A3-9474-1A3956D46DE8}") = "test", "test", "{60B1C23D-C510-40F7-B589-9F6FC47D2317}"
EndProject
Project("{9A19103F-16F7-4668-BE54-9A1E7A4F7556}") = "MySQL.Persistence.IntegrationTests", "test\MySQL.Persistence.IntegrationTests\MySQL.Persistence.IntegrationTests.csproj", "{780D0FEB-4E51-4668-943C-1905E934B29E}"
EndProject

Project("{9A19103F-16F7-4668-BE54-9A1E7A4F7556}") = "MySQL.Application.UnitTests", "test\MySQL.Application.UnitTests\MySQL.Application.UnitTests.csproj", "{BC337A9E-93EC-4779-BC7A-7AD1E89CA6BA}"
EndProject
Project("{9A19103F-16F7-4668-BE54-9A1E7A4F7556}") = "MySQL.Identity.UnitTests", "test\MySQL.Identity.UnitTests\MySQL.Identity.UnitTests.csproj", "{A9C4C44B-160B-4B0D-B7D7-A53AA889EEBF}"
EndProject
Project("{9A19103F-16F7-4668-BE54-9A1E7A4F7556}") = "MySQL.Infrastructure.UnitTests", "test\MySQL.Infrastructure.UnitTests\MySQL.Infrastructure.UnitTests.csproj", "{56C357DD-92E5-42A6-AC08-7714E8F9AA45}"
EndProject


Project("{2150E333-8FDC-42A3-9474-1A3956D46DE8}") = "API", "API", "{6D5EF71E-BC9A-4E30-9AD5-0CA1FFBA196E}"
EndProject
Project("{9A19103F-16F7-4668-BE54-9A1E7A4F7556}") = "MySQL.Api", "src\API\MySQL.Api\MySQL.Api.csproj", "{BE633E45-46E2-4120-98AC-AE1497F77A0D}"
EndProject
Project("{9A19103F-16F7-4668-BE54-9A1E7A4F7556}") = "MySQL.API.IntegrationTests", "test\MySQL.API.IntegrationTests\MySQL.API.IntegrationTests.csproj", "{68C0ADC3-435A-4EA8-90CC-13530F8285BB}"
EndProject
Project("{9A19103F-16F7-4668-BE54-9A1E7A4F7556}") = "MySQL.API.UnitTests", "test\MySQL.API.UnitTests\MySQL.API.UnitTests.csproj", "{B14D6196-85CC-49A6-858A-2CADAA106035}"
EndProject


Global
	GlobalSection(SolutionConfigurationPlatforms) = preSolution
		Debug|Any CPU = Debug|Any CPU
		Release|Any CPU = Release|Any CPU
	EndGlobalSection
	GlobalSection(ProjectConfigurationPlatforms) = postSolution
		{BE633E45-46E2-4120-98AC-AE1497F77A0D}.Debug|Any CPU.ActiveCfg = Debug|Any CPU
		{BE633E45-46E2-4120-98AC-AE1497F77A0D}.Debug|Any CPU.Build.0 = Debug|Any CPU
		{BE633E45-46E2-4120-98AC-AE1497F77A0D}.Release|Any CPU.ActiveCfg = Release|Any CPU
		{BE633E45-46E2-4120-98AC-AE1497F77A0D}.Release|Any CPU.Build.0 = Release|Any CPU
		{68C0ADC3-435A-4EA8-90CC-13530F8285BB}.Debug|Any CPU.ActiveCfg = Debug|Any CPU
		{68C0ADC3-435A-4EA8-90CC-13530F8285BB}.Debug|Any CPU.Build.0 = Debug|Any CPU
		{68C0ADC3-435A-4EA8-90CC-13530F8285BB}.Release|Any CPU.ActiveCfg = Release|Any CPU
		{68C0ADC3-435A-4EA8-90CC-13530F8285BB}.Release|Any CPU.Build.0 = Release|Any CPU
		{B14D6196-85CC-49A6-858A-2CADAA106035}.Debug|Any CPU.ActiveCfg = Debug|Any CPU
		{B14D6196-85CC-49A6-858A-2CADAA106035}.Debug|Any CPU.Build.0 = Debug|Any CPU
		{B14D6196-85CC-49A6-858A-2CADAA106035}.Release|Any CPU.ActiveCfg = Release|Any CPU
		{B14D6196-85CC-49A6-858A-2CADAA106035}.Release|Any CPU.Build.0 = Release|Any CPU

		{A74617FC-CBBF-4DF3-888D-A11F0A44F04D}.Debug|Any CPU.ActiveCfg = Debug|Any CPU
		{A74617FC-CBBF-4DF3-888D-A11F0A44F04D}.Debug|Any CPU.Build.0 = Debug|Any CPU
		{A74617FC-CBBF-4DF3-888D-A11F0A44F04D}.Release|Any CPU.ActiveCfg = Release|Any CPU
		{A74617FC-CBBF-4DF3-888D-A11F0A44F04D}.Release|Any CPU.Build.0 = Release|Any CPU
		{6EA95C56-5C75-4FF2-8A16-8A66FC40FF33}.Debug|Any CPU.ActiveCfg = Debug|Any CPU
		{6EA95C56-5C75-4FF2-8A16-8A66FC40FF33}.Debug|Any CPU.Build.0 = Debug|Any CPU
		{6EA95C56-5C75-4FF2-8A16-8A66FC40FF33}.Release|Any CPU.ActiveCfg = Release|Any CPU
		{6EA95C56-5C75-4FF2-8A16-8A66FC40FF33}.Release|Any CPU.Build.0 = Release|Any CPU
		{C2C19807-3272-4B5F-B5AC-80BA94E0345C}.Debug|Any CPU.ActiveCfg = Debug|Any CPU
		{C2C19807-3272-4B5F-B5AC-80BA94E0345C}.Debug|Any CPU.Build.0 = Debug|Any CPU
		{C2C19807-3272-4B5F-B5AC-80BA94E0345C}.Release|Any CPU.ActiveCfg = Release|Any CPU
		{C2C19807-3272-4B5F-B5AC-80BA94E0345C}.Release|Any CPU.Build.0 = Release|Any CPU
		{C9D76938-3005-4AAF-8117-6A20547E1EAF}.Debug|Any CPU.ActiveCfg = Debug|Any CPU
		{C9D76938-3005-4AAF-8117-6A20547E1EAF}.Debug|Any CPU.Build.0 = Debug|Any CPU
		{C9D76938-3005-4AAF-8117-6A20547E1EAF}.Release|Any CPU.ActiveCfg = Release|Any CPU
		{C9D76938-3005-4AAF-8117-6A20547E1EAF}.Release|Any CPU.Build.0 = Release|Any CPU
		{F32FA6AD-099C-4117-8EF3-75D3A7750650}.Debug|Any CPU.ActiveCfg = Debug|Any CPU
		{F32FA6AD-099C-4117-8EF3-75D3A7750650}.Debug|Any CPU.Build.0 = Debug|Any CPU
		{F32FA6AD-099C-4117-8EF3-75D3A7750650}.Release|Any CPU.ActiveCfg = Release|Any CPU
		{F32FA6AD-099C-4117-8EF3-75D3A7750650}.Release|Any CPU.Build.0 = Release|Any CPU
		{780D0FEB-4E51-4668-943C-1905E934B29E}.Debug|Any CPU.ActiveCfg = Debug|Any CPU
		{780D0FEB-4E51-4668-943C-1905E934B29E}.Debug|Any CPU.Build.0 = Debug|Any CPU
		{780D0FEB-4E51-4668-943C-1905E934B29E}.Release|Any CPU.ActiveCfg = Release|Any CPU
		{780D0FEB-4E51-4668-943C-1905E934B29E}.Release|Any CPU.Build.0 = Release|Any CPU
		{BC337A9E-93EC-4779-BC7A-7AD1E89CA6BA}.Debug|Any CPU.ActiveCfg = Debug|Any CPU
		{BC337A9E-93EC-4779-BC7A-7AD1E89CA6BA}.Debug|Any CPU.Build.0 = Debug|Any CPU
		{BC337A9E-93EC-4779-BC7A-7AD1E89CA6BA}.Release|Any CPU.ActiveCfg = Release|Any CPU
		{BC337A9E-93EC-4779-BC7A-7AD1E89CA6BA}.Release|Any CPU.Build.0 = Release|Any CPU
		{A9C4C44B-160B-4B0D-B7D7-A53AA889EEBF}.Debug|Any CPU.ActiveCfg = Debug|Any CPU
		{A9C4C44B-160B-4B0D-B7D7-A53AA889EEBF}.Debug|Any CPU.Build.0 = Debug|Any CPU
		{A9C4C44B-160B-4B0D-B7D7-A53AA889EEBF}.Release|Any CPU.ActiveCfg = Release|Any CPU
		{A9C4C44B-160B-4B0D-B7D7-A53AA889EEBF}.Release|Any CPU.Build.0 = Release|Any CPU
		{56C357DD-92E5-42A6-AC08-7714E8F9AA45}.Debug|Any CPU.ActiveCfg = Debug|Any CPU
		{56C357DD-92E5-42A6-AC08-7714E8F9AA45}.Debug|Any CPU.Build.0 = Debug|Any CPU
		{56C357DD-92E5-42A6-AC08-7714E8F9AA45}.Release|Any CPU.ActiveCfg = Release|Any CPU
		{56C357DD-92E5-42A6-AC08-7714E8F9AA45}.Release|Any CPU.Build.0 = Release|Any CPU


	EndGlobalSection
	GlobalSection(SolutionProperties) = preSolution
		HideSolutionNode = FALSE
	EndGlobalSection
	GlobalSection(NestedProjects) = preSolution
		{6D5EF71E-BC9A-4E30-9AD5-0CA1FFBA196E} = {FAC63B91-C4D3-46FD-9678-1FD3154C0E9D}
		{BE633E45-46E2-4120-98AC-AE1497F77A0D} = {6D5EF71E-BC9A-4E30-9AD5-0CA1FFBA196E}
		{68C0ADC3-435A-4EA8-90CC-13530F8285BB} = {60B1C23D-C510-40F7-B589-9F6FC47D2317}
		{B14D6196-85CC-49A6-858A-2CADAA106035} = {60B1C23D-C510-40F7-B589-9F6FC47D2317}
		{86234060-4E1A-4465-839B-98410F3282EC} = {FAC63B91-C4D3-46FD-9678-1FD3154C0E9D}
		{F284885C-BEF3-45F2-82C7-FFD33D87C8AB} = {FAC63B91-C4D3-46FD-9678-1FD3154C0E9D}
		{A74617FC-CBBF-4DF3-888D-A11F0A44F04D} = {86234060-4E1A-4465-839B-98410F3282EC}
		{6EA95C56-5C75-4FF2-8A16-8A66FC40FF33} = {86234060-4E1A-4465-839B-98410F3282EC}
		{C2C19807-3272-4B5F-B5AC-80BA94E0345C} = {F284885C-BEF3-45F2-82C7-FFD33D87C8AB}
		{C9D76938-3005-4AAF-8117-6A20547E1EAF} = {F284885C-BEF3-45F2-82C7-FFD33D87C8AB}
		{F32FA6AD-099C-4117-8EF3-75D3A7750650} = {F284885C-BEF3-45F2-82C7-FFD33D87C8AB}
		{BE633E45-46E2-4120-98AC-AE1497F77A0D} = {6D5EF71E-BC9A-4E30-9AD5-0CA1FFBA196E}
		{780D0FEB-4E51-4668-943C-1905E934B29E} = {60B1C23D-C510-40F7-B589-9F6FC47D2317}
		{BC337A9E-93EC-4779-BC7A-7AD1E89CA6BA} = {60B1C23D-C510-40F7-B589-9F6FC47D2317}
		{A9C4C44B-160B-4B0D-B7D7-A53AA889EEBF} = {60B1C23D-C510-40F7-B589-9F6FC47D2317}
		{56C357DD-92E5-42A6-AC08-7714E8F9AA45} = {60B1C23D-C510-40F7-B589-9F6FC47D2317}
	EndGlobalSection
	GlobalSection(ExtensibilityGlobals) = postSolution
		SolutionGuid = {920EDF2B-79D6-48A5-AF80-5C4256675664}
	EndGlobalSection
EndGlobal
